// !$*UTF8*$!
{
	archiveVersion = 1;
	classes = {
	};
	objectVersion = 51;
	objects = {

/* Begin PBXBuildFile section */
		0AAE01A0F64FCEB0A95B1493 /* Pods_FM.framework in Frameworks */ = {isa = PBXBuildFile; fileRef = 039C053C46F892F5E18CFDCB /* Pods_FM.framework */; };
		FC05B2EB246A7F760031E275 /* AudioToolbox.framework in Frameworks */ = {isa = PBXBuildFile; fileRef = FC05B2EA246A7F760031E275 /* AudioToolbox.framework */; };
		FC05B2FF246CDDC50031E275 /* FMPlayAnchorCell.swift in Sources */ = {isa = PBXBuildFile; fileRef = FC05B2FE246CDDC50031E275 /* FMPlayAnchorCell.swift */; };
		FC0D6132245A67DA00473637 /* FMRefresh.swift in Sources */ = {isa = PBXBuildFile; fileRef = FC0D6131245A67DA00473637 /* FMRefresh.swift */; };
		FC0D6134245A6F6D00473637 /* FMHomeVIPModel.swift in Sources */ = {isa = PBXBuildFile; fileRef = FC0D6133245A6F6D00473637 /* FMHomeVIPModel.swift */; };
		FC0D6137245AA71200473637 /* FMHomeVipCategoriesCell.swift in Sources */ = {isa = PBXBuildFile; fileRef = FC0D6136245AA71200473637 /* FMHomeVipCategoriesCell.swift */; };
		FC0D6139245AA82300473637 /* FMVipCategoryCell.swift in Sources */ = {isa = PBXBuildFile; fileRef = FC0D6138245AA82300473637 /* FMVipCategoryCell.swift */; };
		FC0D613C245AB5CD00473637 /* FMWebController.swift in Sources */ = {isa = PBXBuildFile; fileRef = FC0D613B245AB5CD00473637 /* FMWebController.swift */; };
		FC0D613F245AC56000473637 /* FMHomeVipHotCell.swift in Sources */ = {isa = PBXBuildFile; fileRef = FC0D613E245AC56000473637 /* FMHomeVipHotCell.swift */; };
		FC0D6141245AC58B00473637 /* FMVipHotCell.swift in Sources */ = {isa = PBXBuildFile; fileRef = FC0D6140245AC58B00473637 /* FMVipHotCell.swift */; };
		FC0D6144245AD1BB00473637 /* FMHomeVipHeaderView.swift in Sources */ = {isa = PBXBuildFile; fileRef = FC0D6143245AD1BB00473637 /* FMHomeVipHeaderView.swift */; };
		FC0D6146245AD20500473637 /* FMHomeVipFooterView.swift in Sources */ = {isa = PBXBuildFile; fileRef = FC0D6145245AD20500473637 /* FMHomeVipFooterView.swift */; };
		FC4F75D22456C79D003FEE96 /* AppDelegate.swift in Sources */ = {isa = PBXBuildFile; fileRef = FC4F75D12456C79D003FEE96 /* AppDelegate.swift */; };
		FC4F75D92456C79D003FEE96 /* Main.storyboard in Resources */ = {isa = PBXBuildFile; fileRef = FC4F75D72456C79D003FEE96 /* Main.storyboard */; };
		FC4F75DB2456C79F003FEE96 /* Assets.xcassets in Resources */ = {isa = PBXBuildFile; fileRef = FC4F75DA2456C79F003FEE96 /* Assets.xcassets */; };
		FC4F75DE2456C79F003FEE96 /* LaunchScreen.storyboard in Resources */ = {isa = PBXBuildFile; fileRef = FC4F75DC2456C79F003FEE96 /* LaunchScreen.storyboard */; };
		FC4F75EE2456CF82003FEE96 /* FMHomeController.swift in Sources */ = {isa = PBXBuildFile; fileRef = FC4F75ED2456CF81003FEE96 /* FMHomeController.swift */; };
		FC4F75F02456CF9D003FEE96 /* FMListenController.swift in Sources */ = {isa = PBXBuildFile; fileRef = FC4F75EF2456CF9D003FEE96 /* FMListenController.swift */; };
		FC4F75F22456CFB9003FEE96 /* FMPlayController.swift in Sources */ = {isa = PBXBuildFile; fileRef = FC4F75F12456CFB9003FEE96 /* FMPlayController.swift */; };
		FC4F75F42456CFED003FEE96 /* FMFindController.swift in Sources */ = {isa = PBXBuildFile; fileRef = FC4F75F32456CFED003FEE96 /* FMFindController.swift */; };
		FC4F75F62456D000003FEE96 /* FMMineController.swift in Sources */ = {isa = PBXBuildFile; fileRef = FC4F75F52456D000003FEE96 /* FMMineController.swift */; };
		FC4F75F92456DCEC003FEE96 /* FMBasicBarItemContentView.swift in Sources */ = {isa = PBXBuildFile; fileRef = FC4F75F82456DCEC003FEE96 /* FMBasicBarItemContentView.swift */; };
		FC4F75FB2457C70A003FEE96 /* FMNavigationController.swift in Sources */ = {isa = PBXBuildFile; fileRef = FC4F75FA2457C70A003FEE96 /* FMNavigationController.swift */; };
		FC4F76042457C9D5003FEE96 /* WRNavigationBar.swift in Sources */ = {isa = PBXBuildFile; fileRef = FC4F75FE2457C9D5003FEE96 /* WRNavigationBar.swift */; };
		FC4F76052457C9D5003FEE96 /* WRCustomNavigationBar.swift in Sources */ = {isa = PBXBuildFile; fileRef = FC4F75FF2457C9D5003FEE96 /* WRCustomNavigationBar.swift */; };
		FC4F76062457C9D5003FEE96 /* WRProxy.swift in Sources */ = {isa = PBXBuildFile; fileRef = FC4F76012457C9D5003FEE96 /* WRProxy.swift */; };
		FC4F76072457C9D5003FEE96 /* WRCycleScrollView.swift in Sources */ = {isa = PBXBuildFile; fileRef = FC4F76022457C9D5003FEE96 /* WRCycleScrollView.swift */; };
		FC4F76082457C9D5003FEE96 /* WRCycleCell.swift in Sources */ = {isa = PBXBuildFile; fileRef = FC4F76032457C9D5003FEE96 /* WRCycleCell.swift */; };
		FC4F760A2457CA1C003FEE96 /* FMHeader.swift in Sources */ = {isa = PBXBuildFile; fileRef = FC4F76092457CA1C003FEE96 /* FMHeader.swift */; };
		FC4F76112457CDAA003FEE96 /* FMHomeRecommendController.swift in Sources */ = {isa = PBXBuildFile; fileRef = FC4F76102457CDAA003FEE96 /* FMHomeRecommendController.swift */; };
		FC4F76132457CDDE003FEE96 /* FMHomeClassifyController.swift in Sources */ = {isa = PBXBuildFile; fileRef = FC4F76122457CDDE003FEE96 /* FMHomeClassifyController.swift */; };
		FC4F76152457CE00003FEE96 /* FMHomeVIPController.swift in Sources */ = {isa = PBXBuildFile; fileRef = FC4F76142457CE00003FEE96 /* FMHomeVIPController.swift */; };
		FC4F76172457CE14003FEE96 /* FMHomeLiveController.swift in Sources */ = {isa = PBXBuildFile; fileRef = FC4F76162457CE14003FEE96 /* FMHomeLiveController.swift */; };
		FC4F76192457CE24003FEE96 /* FMHomeBroadcastController.swift in Sources */ = {isa = PBXBuildFile; fileRef = FC4F76182457CE24003FEE96 /* FMHomeBroadcastController.swift */; };
		FC6A0E672462AA050023A72A /* FMHomeVIPTypesCell.swift in Sources */ = {isa = PBXBuildFile; fileRef = FC6A0E662462AA050023A72A /* FMHomeVIPTypesCell.swift */; };
		FC6A0E6A2462ACCB0023A72A /* FMHomeRecommendViewModel.swift in Sources */ = {isa = PBXBuildFile; fileRef = FC6A0E692462ACCB0023A72A /* FMHomeRecommendViewModel.swift */; };
		FC6A0E6C2462ADD20023A72A /* FMHomeRecommendApi.swift in Sources */ = {isa = PBXBuildFile; fileRef = FC6A0E6B2462ADD20023A72A /* FMHomeRecommendApi.swift */; };
		FC6A0E6E2462B2F80023A72A /* FMHomeRecommendModel.swift in Sources */ = {isa = PBXBuildFile; fileRef = FC6A0E6D2462B2F80023A72A /* FMHomeRecommendModel.swift */; };
		FC6A0E722463BDDD0023A72A /* FMHomeRecommendTopBuzzCell.swift in Sources */ = {isa = PBXBuildFile; fileRef = FC6A0E712463BDDD0023A72A /* FMHomeRecommendTopBuzzCell.swift */; };
		FC6A0E742463D4250023A72A /* FMRecommendBuzzCell.swift in Sources */ = {isa = PBXBuildFile; fileRef = FC6A0E732463D4250023A72A /* FMRecommendBuzzCell.swift */; };
		FC6A0E772463E8F80023A72A /* FMHomeRecommendTypesCell.swift in Sources */ = {isa = PBXBuildFile; fileRef = FC6A0E762463E8F80023A72A /* FMHomeRecommendTypesCell.swift */; };
		FC6A0E7A2463F9EC0023A72A /* FMHomeRecommendHotCell.swift in Sources */ = {isa = PBXBuildFile; fileRef = FC6A0E792463F9EC0023A72A /* FMHomeRecommendHotCell.swift */; };
		FCD863412468F554008C7DB5 /* FMPlayViewModel.swift in Sources */ = {isa = PBXBuildFile; fileRef = FCD863402468F554008C7DB5 /* FMPlayViewModel.swift */; };
		FCD863432468F5C1008C7DB5 /* FMPlayApi.swift in Sources */ = {isa = PBXBuildFile; fileRef = FCD863422468F5C1008C7DB5 /* FMPlayApi.swift */; };
		FCD863452468FC0E008C7DB5 /* FMPlayDetailController.swift in Sources */ = {isa = PBXBuildFile; fileRef = FCD863442468FC0E008C7DB5 /* FMPlayDetailController.swift */; };
		FCD863472468FDED008C7DB5 /* FMPlayDetailModel.swift in Sources */ = {isa = PBXBuildFile; fileRef = FCD863462468FDED008C7DB5 /* FMPlayDetailModel.swift */; };
		FCD8634924690007008C7DB5 /* FMPlayDetailHeaderView.swift in Sources */ = {isa = PBXBuildFile; fileRef = FCD8634824690007008C7DB5 /* FMPlayDetailHeaderView.swift */; };
		FCD863742469046A008C7DB5 /* LTSimpleManager.swift in Sources */ = {isa = PBXBuildFile; fileRef = FCD863692469046A008C7DB5 /* LTSimpleManager.swift */; };
		FCD863752469046A008C7DB5 /* LTCollectionFlowLayout.swift in Sources */ = {isa = PBXBuildFile; fileRef = FCD8636A2469046A008C7DB5 /* LTCollectionFlowLayout.swift */; };
		FCD863762469046A008C7DB5 /* LTDispatchQueue.swift in Sources */ = {isa = PBXBuildFile; fileRef = FCD8636B2469046A008C7DB5 /* LTDispatchQueue.swift */; };
		FCD863772469046A008C7DB5 /* LTAdvancedManager.swift in Sources */ = {isa = PBXBuildFile; fileRef = FCD8636C2469046A008C7DB5 /* LTAdvancedManager.swift */; };
		FCD863782469046A008C7DB5 /* LTLayout.swift in Sources */ = {isa = PBXBuildFile; fileRef = FCD8636D2469046A008C7DB5 /* LTLayout.swift */; };
		FCD863792469046A008C7DB5 /* LTTableViewProtocal.swift in Sources */ = {isa = PBXBuildFile; fileRef = FCD8636E2469046A008C7DB5 /* LTTableViewProtocal.swift */; };
		FCD8637A2469046A008C7DB5 /* LTPageTitleView.swift in Sources */ = {isa = PBXBuildFile; fileRef = FCD8636F2469046A008C7DB5 /* LTPageTitleView.swift */; };
		FCD8637B2469046A008C7DB5 /* LTPageView.swift in Sources */ = {isa = PBXBuildFile; fileRef = FCD863702469046A008C7DB5 /* LTPageView.swift */; };
		FCD8637C2469046A008C7DB5 /* LTVCExtension.swift in Sources */ = {isa = PBXBuildFile; fileRef = FCD863712469046A008C7DB5 /* LTVCExtension.swift */; };
		FCD8637D2469046A008C7DB5 /* LTScrollExtension.swift in Sources */ = {isa = PBXBuildFile; fileRef = FCD863722469046A008C7DB5 /* LTScrollExtension.swift */; };
		FCD8637E2469046A008C7DB5 /* LTTableView.swift in Sources */ = {isa = PBXBuildFile; fileRef = FCD863732469046A008C7DB5 /* LTTableView.swift */; };
		FCD8638024692576008C7DB5 /* FMPlayDetailIntroController.swift in Sources */ = {isa = PBXBuildFile; fileRef = FCD8637F24692576008C7DB5 /* FMPlayDetailIntroController.swift */; };
		FCD863822469262F008C7DB5 /* FMPlayContentIntroCell.swift in Sources */ = {isa = PBXBuildFile; fileRef = FCD863812469262F008C7DB5 /* FMPlayContentIntroCell.swift */; };
		FCD8638524692677008C7DB5 /* FMCustomLabel.swift in Sources */ = {isa = PBXBuildFile; fileRef = FCD8638424692677008C7DB5 /* FMCustomLabel.swift */; };
		FCD86387246926EB008C7DB5 /* FMPlayAnchorIntroCell.swift in Sources */ = {isa = PBXBuildFile; fileRef = FCD86386246926EB008C7DB5 /* FMPlayAnchorIntroCell.swift */; };
		FCE8569F245810D1007AE35A /* FMHomeVipBannerCell.swift in Sources */ = {isa = PBXBuildFile; fileRef = FCE8569E245810D1007AE35A /* FMHomeVipBannerCell.swift */; };
		FCE856A1245833B6007AE35A /* FMHomeVIPApi.swift in Sources */ = {isa = PBXBuildFile; fileRef = FCE856A0245833B6007AE35A /* FMHomeVIPApi.swift */; };
		FCE856A32459143E007AE35A /* FMHomeVIPViewModel.swift in Sources */ = {isa = PBXBuildFile; fileRef = FCE856A22459143E007AE35A /* FMHomeVIPViewModel.swift */; };
		FCF4A8AB246A3734006C57A7 /* FMPlayDetailProgramController.swift in Sources */ = {isa = PBXBuildFile; fileRef = FCF4A8AA246A3734006C57A7 /* FMPlayDetailProgramController.swift */; };
		FCF4A8AD246A3A6C006C57A7 /* FMPlayDetailProgramCell.swift in Sources */ = {isa = PBXBuildFile; fileRef = FCF4A8AC246A3A6C006C57A7 /* FMPlayDetailProgramCell.swift */; };
		FCF4A8AF246A417A006C57A7 /* FMPlayModel.swift in Sources */ = {isa = PBXBuildFile; fileRef = FCF4A8AE246A417A006C57A7 /* FMPlayModel.swift */; };
		FCF4A8B2246A4532006C57A7 /* FMPlayCell.swift in Sources */ = {isa = PBXBuildFile; fileRef = FCF4A8B1246A4532006C57A7 /* FMPlayCell.swift */; };
/* End PBXBuildFile section */

/* Begin PBXFileReference section */
		039C053C46F892F5E18CFDCB /* Pods_FM.framework */ = {isa = PBXFileReference; explicitFileType = wrapper.framework; includeInIndex = 0; path = Pods_FM.framework; sourceTree = BUILT_PRODUCTS_DIR; };
		31640C8FE7B194FD3E4F6913 /* Pods-FM.release.xcconfig */ = {isa = PBXFileReference; includeInIndex = 1; lastKnownFileType = text.xcconfig; name = "Pods-FM.release.xcconfig"; path = "Target Support Files/Pods-FM/Pods-FM.release.xcconfig"; sourceTree = "<group>"; };
		A9D76A22892381328154723E /* Pods-FM.debug.xcconfig */ = {isa = PBXFileReference; includeInIndex = 1; lastKnownFileType = text.xcconfig; name = "Pods-FM.debug.xcconfig"; path = "Target Support Files/Pods-FM/Pods-FM.debug.xcconfig"; sourceTree = "<group>"; };
		FC05B2E9246A7F760031E275 /* FM.entitlements */ = {isa = PBXFileReference; lastKnownFileType = text.plist.entitlements; path = FM.entitlements; sourceTree = "<group>"; };
		FC05B2EA246A7F760031E275 /* AudioToolbox.framework */ = {isa = PBXFileReference; lastKnownFileType = wrapper.framework; name = AudioToolbox.framework; path = System/Library/Frameworks/AudioToolbox.framework; sourceTree = SDKROOT; };
		FC05B2FE246CDDC50031E275 /* FMPlayAnchorCell.swift */ = {isa = PBXFileReference; lastKnownFileType = sourcecode.swift; path = FMPlayAnchorCell.swift; sourceTree = "<group>"; };
		FC0D6131245A67DA00473637 /* FMRefresh.swift */ = {isa = PBXFileReference; lastKnownFileType = sourcecode.swift; path = FMRefresh.swift; sourceTree = "<group>"; };
		FC0D6133245A6F6D00473637 /* FMHomeVIPModel.swift */ = {isa = PBXFileReference; lastKnownFileType = sourcecode.swift; path = FMHomeVIPModel.swift; sourceTree = "<group>"; };
		FC0D6136245AA71200473637 /* FMHomeVipCategoriesCell.swift */ = {isa = PBXFileReference; lastKnownFileType = sourcecode.swift; path = FMHomeVipCategoriesCell.swift; sourceTree = "<group>"; };
		FC0D6138245AA82300473637 /* FMVipCategoryCell.swift */ = {isa = PBXFileReference; lastKnownFileType = sourcecode.swift; path = FMVipCategoryCell.swift; sourceTree = "<group>"; };
		FC0D613B245AB5CD00473637 /* FMWebController.swift */ = {isa = PBXFileReference; lastKnownFileType = sourcecode.swift; path = FMWebController.swift; sourceTree = "<group>"; };
		FC0D613E245AC56000473637 /* FMHomeVipHotCell.swift */ = {isa = PBXFileReference; lastKnownFileType = sourcecode.swift; path = FMHomeVipHotCell.swift; sourceTree = "<group>"; };
		FC0D6140245AC58B00473637 /* FMVipHotCell.swift */ = {isa = PBXFileReference; lastKnownFileType = sourcecode.swift; path = FMVipHotCell.swift; sourceTree = "<group>"; };
		FC0D6143245AD1BB00473637 /* FMHomeVipHeaderView.swift */ = {isa = PBXFileReference; lastKnownFileType = sourcecode.swift; path = FMHomeVipHeaderView.swift; sourceTree = "<group>"; };
		FC0D6145245AD20500473637 /* FMHomeVipFooterView.swift */ = {isa = PBXFileReference; lastKnownFileType = sourcecode.swift; path = FMHomeVipFooterView.swift; sourceTree = "<group>"; };
		FC4F75CE2456C79D003FEE96 /* FM.app */ = {isa = PBXFileReference; explicitFileType = wrapper.application; includeInIndex = 0; path = FM.app; sourceTree = BUILT_PRODUCTS_DIR; };
		FC4F75D12456C79D003FEE96 /* AppDelegate.swift */ = {isa = PBXFileReference; lastKnownFileType = sourcecode.swift; path = AppDelegate.swift; sourceTree = "<group>"; };
		FC4F75D82456C79D003FEE96 /* Base */ = {isa = PBXFileReference; lastKnownFileType = file.storyboard; name = Base; path = Base.lproj/Main.storyboard; sourceTree = "<group>"; };
		FC4F75DA2456C79F003FEE96 /* Assets.xcassets */ = {isa = PBXFileReference; lastKnownFileType = folder.assetcatalog; path = Assets.xcassets; sourceTree = "<group>"; };
		FC4F75DD2456C79F003FEE96 /* Base */ = {isa = PBXFileReference; lastKnownFileType = file.storyboard; name = Base; path = Base.lproj/LaunchScreen.storyboard; sourceTree = "<group>"; };
		FC4F75DF2456C79F003FEE96 /* Info.plist */ = {isa = PBXFileReference; lastKnownFileType = text.plist.xml; path = Info.plist; sourceTree = "<group>"; };
		FC4F75ED2456CF81003FEE96 /* FMHomeController.swift */ = {isa = PBXFileReference; lastKnownFileType = sourcecode.swift; path = FMHomeController.swift; sourceTree = "<group>"; };
		FC4F75EF2456CF9D003FEE96 /* FMListenController.swift */ = {isa = PBXFileReference; lastKnownFileType = sourcecode.swift; path = FMListenController.swift; sourceTree = "<group>"; };
		FC4F75F12456CFB9003FEE96 /* FMPlayController.swift */ = {isa = PBXFileReference; lastKnownFileType = sourcecode.swift; path = FMPlayController.swift; sourceTree = "<group>"; };
		FC4F75F32456CFED003FEE96 /* FMFindController.swift */ = {isa = PBXFileReference; lastKnownFileType = sourcecode.swift; path = FMFindController.swift; sourceTree = "<group>"; };
		FC4F75F52456D000003FEE96 /* FMMineController.swift */ = {isa = PBXFileReference; lastKnownFileType = sourcecode.swift; path = FMMineController.swift; sourceTree = "<group>"; };
		FC4F75F82456DCEC003FEE96 /* FMBasicBarItemContentView.swift */ = {isa = PBXFileReference; lastKnownFileType = sourcecode.swift; path = FMBasicBarItemContentView.swift; sourceTree = "<group>"; };
		FC4F75FA2457C70A003FEE96 /* FMNavigationController.swift */ = {isa = PBXFileReference; lastKnownFileType = sourcecode.swift; path = FMNavigationController.swift; sourceTree = "<group>"; };
		FC4F75FE2457C9D5003FEE96 /* WRNavigationBar.swift */ = {isa = PBXFileReference; fileEncoding = 4; lastKnownFileType = sourcecode.swift; path = WRNavigationBar.swift; sourceTree = "<group>"; };
		FC4F75FF2457C9D5003FEE96 /* WRCustomNavigationBar.swift */ = {isa = PBXFileReference; fileEncoding = 4; lastKnownFileType = sourcecode.swift; path = WRCustomNavigationBar.swift; sourceTree = "<group>"; };
		FC4F76012457C9D5003FEE96 /* WRProxy.swift */ = {isa = PBXFileReference; fileEncoding = 4; lastKnownFileType = sourcecode.swift; path = WRProxy.swift; sourceTree = "<group>"; };
		FC4F76022457C9D5003FEE96 /* WRCycleScrollView.swift */ = {isa = PBXFileReference; fileEncoding = 4; lastKnownFileType = sourcecode.swift; path = WRCycleScrollView.swift; sourceTree = "<group>"; };
		FC4F76032457C9D5003FEE96 /* WRCycleCell.swift */ = {isa = PBXFileReference; fileEncoding = 4; lastKnownFileType = sourcecode.swift; path = WRCycleCell.swift; sourceTree = "<group>"; };
		FC4F76092457CA1C003FEE96 /* FMHeader.swift */ = {isa = PBXFileReference; lastKnownFileType = sourcecode.swift; path = FMHeader.swift; sourceTree = "<group>"; };
		FC4F76102457CDAA003FEE96 /* FMHomeRecommendController.swift */ = {isa = PBXFileReference; lastKnownFileType = sourcecode.swift; path = FMHomeRecommendController.swift; sourceTree = "<group>"; };
		FC4F76122457CDDE003FEE96 /* FMHomeClassifyController.swift */ = {isa = PBXFileReference; lastKnownFileType = sourcecode.swift; path = FMHomeClassifyController.swift; sourceTree = "<group>"; };
		FC4F76142457CE00003FEE96 /* FMHomeVIPController.swift */ = {isa = PBXFileReference; lastKnownFileType = sourcecode.swift; path = FMHomeVIPController.swift; sourceTree = "<group>"; };
		FC4F76162457CE14003FEE96 /* FMHomeLiveController.swift */ = {isa = PBXFileReference; lastKnownFileType = sourcecode.swift; path = FMHomeLiveController.swift; sourceTree = "<group>"; };
		FC4F76182457CE24003FEE96 /* FMHomeBroadcastController.swift */ = {isa = PBXFileReference; lastKnownFileType = sourcecode.swift; path = FMHomeBroadcastController.swift; sourceTree = "<group>"; };
		FC6A0E662462AA050023A72A /* FMHomeVIPTypesCell.swift */ = {isa = PBXFileReference; fileEncoding = 4; lastKnownFileType = sourcecode.swift; path = FMHomeVIPTypesCell.swift; sourceTree = "<group>"; };
		FC6A0E692462ACCB0023A72A /* FMHomeRecommendViewModel.swift */ = {isa = PBXFileReference; lastKnownFileType = sourcecode.swift; path = FMHomeRecommendViewModel.swift; sourceTree = "<group>"; };
		FC6A0E6B2462ADD20023A72A /* FMHomeRecommendApi.swift */ = {isa = PBXFileReference; lastKnownFileType = sourcecode.swift; path = FMHomeRecommendApi.swift; sourceTree = "<group>"; };
		FC6A0E6D2462B2F80023A72A /* FMHomeRecommendModel.swift */ = {isa = PBXFileReference; lastKnownFileType = sourcecode.swift; path = FMHomeRecommendModel.swift; sourceTree = "<group>"; };
		FC6A0E712463BDDD0023A72A /* FMHomeRecommendTopBuzzCell.swift */ = {isa = PBXFileReference; lastKnownFileType = sourcecode.swift; path = FMHomeRecommendTopBuzzCell.swift; sourceTree = "<group>"; };
		FC6A0E732463D4250023A72A /* FMRecommendBuzzCell.swift */ = {isa = PBXFileReference; lastKnownFileType = sourcecode.swift; path = FMRecommendBuzzCell.swift; sourceTree = "<group>"; };
		FC6A0E762463E8F80023A72A /* FMHomeRecommendTypesCell.swift */ = {isa = PBXFileReference; lastKnownFileType = sourcecode.swift; path = FMHomeRecommendTypesCell.swift; sourceTree = "<group>"; };
		FC6A0E792463F9EC0023A72A /* FMHomeRecommendHotCell.swift */ = {isa = PBXFileReference; lastKnownFileType = sourcecode.swift; path = FMHomeRecommendHotCell.swift; sourceTree = "<group>"; };
		FCD863402468F554008C7DB5 /* FMPlayViewModel.swift */ = {isa = PBXFileReference; lastKnownFileType = sourcecode.swift; path = FMPlayViewModel.swift; sourceTree = "<group>"; };
		FCD863422468F5C1008C7DB5 /* FMPlayApi.swift */ = {isa = PBXFileReference; lastKnownFileType = sourcecode.swift; path = FMPlayApi.swift; sourceTree = "<group>"; };
		FCD863442468FC0E008C7DB5 /* FMPlayDetailController.swift */ = {isa = PBXFileReference; fileEncoding = 4; lastKnownFileType = sourcecode.swift; path = FMPlayDetailController.swift; sourceTree = "<group>"; };
		FCD863462468FDED008C7DB5 /* FMPlayDetailModel.swift */ = {isa = PBXFileReference; lastKnownFileType = sourcecode.swift; path = FMPlayDetailModel.swift; sourceTree = "<group>"; };
		FCD8634824690007008C7DB5 /* FMPlayDetailHeaderView.swift */ = {isa = PBXFileReference; lastKnownFileType = sourcecode.swift; path = FMPlayDetailHeaderView.swift; sourceTree = "<group>"; };
		FCD863692469046A008C7DB5 /* LTSimpleManager.swift */ = {isa = PBXFileReference; fileEncoding = 4; lastKnownFileType = sourcecode.swift; path = LTSimpleManager.swift; sourceTree = "<group>"; };
		FCD8636A2469046A008C7DB5 /* LTCollectionFlowLayout.swift */ = {isa = PBXFileReference; fileEncoding = 4; lastKnownFileType = sourcecode.swift; path = LTCollectionFlowLayout.swift; sourceTree = "<group>"; };
		FCD8636B2469046A008C7DB5 /* LTDispatchQueue.swift */ = {isa = PBXFileReference; fileEncoding = 4; lastKnownFileType = sourcecode.swift; path = LTDispatchQueue.swift; sourceTree = "<group>"; };
		FCD8636C2469046A008C7DB5 /* LTAdvancedManager.swift */ = {isa = PBXFileReference; fileEncoding = 4; lastKnownFileType = sourcecode.swift; path = LTAdvancedManager.swift; sourceTree = "<group>"; };
		FCD8636D2469046A008C7DB5 /* LTLayout.swift */ = {isa = PBXFileReference; fileEncoding = 4; lastKnownFileType = sourcecode.swift; path = LTLayout.swift; sourceTree = "<group>"; };
		FCD8636E2469046A008C7DB5 /* LTTableViewProtocal.swift */ = {isa = PBXFileReference; fileEncoding = 4; lastKnownFileType = sourcecode.swift; path = LTTableViewProtocal.swift; sourceTree = "<group>"; };
		FCD8636F2469046A008C7DB5 /* LTPageTitleView.swift */ = {isa = PBXFileReference; fileEncoding = 4; lastKnownFileType = sourcecode.swift; path = LTPageTitleView.swift; sourceTree = "<group>"; };
		FCD863702469046A008C7DB5 /* LTPageView.swift */ = {isa = PBXFileReference; fileEncoding = 4; lastKnownFileType = sourcecode.swift; path = LTPageView.swift; sourceTree = "<group>"; };
		FCD863712469046A008C7DB5 /* LTVCExtension.swift */ = {isa = PBXFileReference; fileEncoding = 4; lastKnownFileType = sourcecode.swift; path = LTVCExtension.swift; sourceTree = "<group>"; };
		FCD863722469046A008C7DB5 /* LTScrollExtension.swift */ = {isa = PBXFileReference; fileEncoding = 4; lastKnownFileType = sourcecode.swift; path = LTScrollExtension.swift; sourceTree = "<group>"; };
		FCD863732469046A008C7DB5 /* LTTableView.swift */ = {isa = PBXFileReference; fileEncoding = 4; lastKnownFileType = sourcecode.swift; path = LTTableView.swift; sourceTree = "<group>"; };
		FCD8637F24692576008C7DB5 /* FMPlayDetailIntroController.swift */ = {isa = PBXFileReference; lastKnownFileType = sourcecode.swift; path = FMPlayDetailIntroController.swift; sourceTree = "<group>"; };
		FCD863812469262F008C7DB5 /* FMPlayContentIntroCell.swift */ = {isa = PBXFileReference; lastKnownFileType = sourcecode.swift; path = FMPlayContentIntroCell.swift; sourceTree = "<group>"; };
		FCD8638424692677008C7DB5 /* FMCustomLabel.swift */ = {isa = PBXFileReference; fileEncoding = 4; lastKnownFileType = sourcecode.swift; path = FMCustomLabel.swift; sourceTree = "<group>"; };
		FCD86386246926EB008C7DB5 /* FMPlayAnchorIntroCell.swift */ = {isa = PBXFileReference; lastKnownFileType = sourcecode.swift; path = FMPlayAnchorIntroCell.swift; sourceTree = "<group>"; };
		FCE8569E245810D1007AE35A /* FMHomeVipBannerCell.swift */ = {isa = PBXFileReference; lastKnownFileType = sourcecode.swift; path = FMHomeVipBannerCell.swift; sourceTree = "<group>"; };
		FCE856A0245833B6007AE35A /* FMHomeVIPApi.swift */ = {isa = PBXFileReference; lastKnownFileType = sourcecode.swift; path = FMHomeVIPApi.swift; sourceTree = "<group>"; };
		FCE856A22459143E007AE35A /* FMHomeVIPViewModel.swift */ = {isa = PBXFileReference; lastKnownFileType = sourcecode.swift; path = FMHomeVIPViewModel.swift; sourceTree = "<group>"; };
		FCF4A8AA246A3734006C57A7 /* FMPlayDetailProgramController.swift */ = {isa = PBXFileReference; lastKnownFileType = sourcecode.swift; path = FMPlayDetailProgramController.swift; sourceTree = "<group>"; };
		FCF4A8AC246A3A6C006C57A7 /* FMPlayDetailProgramCell.swift */ = {isa = PBXFileReference; lastKnownFileType = sourcecode.swift; path = FMPlayDetailProgramCell.swift; sourceTree = "<group>"; };
		FCF4A8AE246A417A006C57A7 /* FMPlayModel.swift */ = {isa = PBXFileReference; lastKnownFileType = sourcecode.swift; path = FMPlayModel.swift; sourceTree = "<group>"; };
		FCF4A8B1246A4532006C57A7 /* FMPlayCell.swift */ = {isa = PBXFileReference; lastKnownFileType = sourcecode.swift; path = FMPlayCell.swift; sourceTree = "<group>"; };
/* End PBXFileReference section */

/* Begin PBXFrameworksBuildPhase section */
		FC4F75CB2456C79D003FEE96 /* Frameworks */ = {
			isa = PBXFrameworksBuildPhase;
			buildActionMask = 2147483647;
			files = (
				0AAE01A0F64FCEB0A95B1493 /* Pods_FM.framework in Frameworks */,
				FC05B2EB246A7F760031E275 /* AudioToolbox.framework in Frameworks */,
			);
			runOnlyForDeploymentPostprocessing = 0;
		};
/* End PBXFrameworksBuildPhase section */

/* Begin PBXGroup section */
		CA568654B8CC1C8C72A6B2D2 /* Frameworks */ = {
			isa = PBXGroup;
			children = (
				FC05B2EA246A7F760031E275 /* AudioToolbox.framework */,
				039C053C46F892F5E18CFDCB /* Pods_FM.framework */,
			);
			name = Frameworks;
			sourceTree = "<group>";
		};
		D833146863366AF5A8540385 /* Pods */ = {
			isa = PBXGroup;
			children = (
				A9D76A22892381328154723E /* Pods-FM.debug.xcconfig */,
				31640C8FE7B194FD3E4F6913 /* Pods-FM.release.xcconfig */,
			);
			path = Pods;
			sourceTree = "<group>";
		};
		FC0D6130245A67BA00473637 /* Refresh */ = {
			isa = PBXGroup;
			children = (
				FC0D6131245A67DA00473637 /* FMRefresh.swift */,
			);
			path = Refresh;
			sourceTree = "<group>";
		};
		FC0D6135245AA69700473637 /* 分类 */ = {
			isa = PBXGroup;
			children = (
				FC0D6136245AA71200473637 /* FMHomeVipCategoriesCell.swift */,
				FC0D6138245AA82300473637 /* FMVipCategoryCell.swift */,
			);
			path = "分类";
			sourceTree = "<group>";
		};
		FC0D613D245AC53700473637 /* 热播课(竖) */ = {
			isa = PBXGroup;
			children = (
				FC0D613E245AC56000473637 /* FMHomeVipHotCell.swift */,
				FC0D6140245AC58B00473637 /* FMVipHotCell.swift */,
			);
			path = "热播课(竖)";
			sourceTree = "<group>";
		};
		FC0D6142245AD18900473637 /* 表头表尾 */ = {
			isa = PBXGroup;
			children = (
				FC0D6143245AD1BB00473637 /* FMHomeVipHeaderView.swift */,
				FC0D6145245AD20500473637 /* FMHomeVipFooterView.swift */,
			);
			path = "表头表尾";
			sourceTree = "<group>";
		};
		FC4F75C52456C79D003FEE96 = {
			isa = PBXGroup;
			children = (
				FC4F75D02456C79D003FEE96 /* FM */,
				FC4F75CF2456C79D003FEE96 /* Products */,
				D833146863366AF5A8540385 /* Pods */,
				CA568654B8CC1C8C72A6B2D2 /* Frameworks */,
			);
			sourceTree = "<group>";
		};
		FC4F75CF2456C79D003FEE96 /* Products */ = {
			isa = PBXGroup;
			children = (
				FC4F75CE2456C79D003FEE96 /* FM.app */,
			);
			name = Products;
			sourceTree = "<group>";
		};
		FC4F75D02456C79D003FEE96 /* FM */ = {
			isa = PBXGroup;
			children = (
				FC05B2E9246A7F760031E275 /* FM.entitlements */,
				FC4F75D12456C79D003FEE96 /* AppDelegate.swift */,
				FC4F75E52456CA01003FEE96 /* Controller */,
				FC4F75D72456C79D003FEE96 /* Main.storyboard */,
				FC4F75DA2456C79F003FEE96 /* Assets.xcassets */,
				FC4F75DC2456C79F003FEE96 /* LaunchScreen.storyboard */,
				FC4F75DF2456C79F003FEE96 /* Info.plist */,
			);
			path = FM;
			sourceTree = "<group>";
		};
		FC4F75E52456CA01003FEE96 /* Controller */ = {
			isa = PBXGroup;
			children = (
				FC4F75FC2457C9C3003FEE96 /* Lib */,
				FC4F75F72456DC96003FEE96 /* Mian */,
				FC4F75EA2456CA79003FEE96 /* Mine(我的) */,
				FC4F75E92456CA67003FEE96 /* Find(发现) */,
				FC4F75E82456CA4B003FEE96 /* Play(播放) */,
				FC4F75E72456CA30003FEE96 /* Listen(我听) */,
				FC4F75E62456CA17003FEE96 /* Home(首页) */,
			);
			path = Controller;
			sourceTree = "<group>";
		};
		FC4F75E62456CA17003FEE96 /* Home(首页) */ = {
			isa = PBXGroup;
			children = (
				FC4F75ED2456CF81003FEE96 /* FMHomeController.swift */,
				FC4F760F2457CD36003FEE96 /* 推荐 */,
				FC4F760E2457CD14003FEE96 /* 分类 */,
				FC4F760D2457CD11003FEE96 /* VIP */,
				FC4F760C2457CD0E003FEE96 /* 直播 */,
				FC4F760B2457CD0B003FEE96 /* 广播 */,
			);
			path = "Home(首页)";
			sourceTree = "<group>";
		};
		FC4F75E72456CA30003FEE96 /* Listen(我听) */ = {
			isa = PBXGroup;
			children = (
				FC4F75EF2456CF9D003FEE96 /* FMListenController.swift */,
			);
			path = "Listen(我听)";
			sourceTree = "<group>";
		};
		FC4F75E82456CA4B003FEE96 /* Play(播放) */ = {
			isa = PBXGroup;
			children = (
				FC4F75F12456CFB9003FEE96 /* FMPlayController.swift */,
				FCD863422468F5C1008C7DB5 /* FMPlayApi.swift */,
				FCD863402468F554008C7DB5 /* FMPlayViewModel.swift */,
				FCD863462468FDED008C7DB5 /* FMPlayDetailModel.swift */,
				FCF4A8AE246A417A006C57A7 /* FMPlayModel.swift */,
				FCD8633C2468F49A008C7DB5 /* 播放详情 */,
				FCD8633F2468F530008C7DB5 /* View */,
			);
			path = "Play(播放)";
			sourceTree = "<group>";
		};
		FC4F75E92456CA67003FEE96 /* Find(发现) */ = {
			isa = PBXGroup;
			children = (
				FC4F75F32456CFED003FEE96 /* FMFindController.swift */,
			);
			path = "Find(发现)";
			sourceTree = "<group>";
		};
		FC4F75EA2456CA79003FEE96 /* Mine(我的) */ = {
			isa = PBXGroup;
			children = (
				FC4F75F52456D000003FEE96 /* FMMineController.swift */,
			);
			path = "Mine(我的)";
			sourceTree = "<group>";
		};
		FC4F75F72456DC96003FEE96 /* Mian */ = {
			isa = PBXGroup;
			children = (
				FC4F75F82456DCEC003FEE96 /* FMBasicBarItemContentView.swift */,
				FC4F75FA2457C70A003FEE96 /* FMNavigationController.swift */,
				FC4F76092457CA1C003FEE96 /* FMHeader.swift */,
			);
			path = Mian;
			sourceTree = "<group>";
		};
		FC4F75FC2457C9C3003FEE96 /* Lib */ = {
			isa = PBXGroup;
			children = (
				FCD8638324692677008C7DB5 /* CustomLabel */,
				FCD863682469046A008C7DB5 /* LTScrollView */,
				FC0D6130245A67BA00473637 /* Refresh */,
				FC4F75FD2457C9D5003FEE96 /* WRNavigationBar */,
			);
			path = Lib;
			sourceTree = "<group>";
		};
		FC4F75FD2457C9D5003FEE96 /* WRNavigationBar */ = {
			isa = PBXGroup;
			children = (
				FC4F75FE2457C9D5003FEE96 /* WRNavigationBar.swift */,
				FC4F75FF2457C9D5003FEE96 /* WRCustomNavigationBar.swift */,
				FC4F76002457C9D5003FEE96 /* WRCycleScrollView */,
			);
			path = WRNavigationBar;
			sourceTree = "<group>";
		};
		FC4F76002457C9D5003FEE96 /* WRCycleScrollView */ = {
			isa = PBXGroup;
			children = (
				FC4F76012457C9D5003FEE96 /* WRProxy.swift */,
				FC4F76022457C9D5003FEE96 /* WRCycleScrollView.swift */,
				FC4F76032457C9D5003FEE96 /* WRCycleCell.swift */,
			);
			path = WRCycleScrollView;
			sourceTree = "<group>";
		};
		FC4F760B2457CD0B003FEE96 /* 广播 */ = {
			isa = PBXGroup;
			children = (
				FC4F76182457CE24003FEE96 /* FMHomeBroadcastController.swift */,
			);
			path = "广播";
			sourceTree = "<group>";
		};
		FC4F760C2457CD0E003FEE96 /* 直播 */ = {
			isa = PBXGroup;
			children = (
				FC4F76162457CE14003FEE96 /* FMHomeLiveController.swift */,
			);
			path = "直播";
			sourceTree = "<group>";
		};
		FC4F760D2457CD11003FEE96 /* VIP */ = {
			isa = PBXGroup;
			children = (
				FC4F76142457CE00003FEE96 /* FMHomeVIPController.swift */,
				FCE856A0245833B6007AE35A /* FMHomeVIPApi.swift */,
				FCE856A22459143E007AE35A /* FMHomeVIPViewModel.swift */,
				FC0D6133245A6F6D00473637 /* FMHomeVIPModel.swift */,
				FCE8569C24580D29007AE35A /* View */,
			);
			path = VIP;
			sourceTree = "<group>";
		};
		FC4F760E2457CD14003FEE96 /* 分类 */ = {
			isa = PBXGroup;
			children = (
				FC4F76122457CDDE003FEE96 /* FMHomeClassifyController.swift */,
			);
			path = "分类";
			sourceTree = "<group>";
		};
		FC4F760F2457CD36003FEE96 /* 推荐 */ = {
			isa = PBXGroup;
			children = (
				FC4F76102457CDAA003FEE96 /* FMHomeRecommendController.swift */,
				FC6A0E6B2462ADD20023A72A /* FMHomeRecommendApi.swift */,
				FC6A0E692462ACCB0023A72A /* FMHomeRecommendViewModel.swift */,
				FC6A0E6D2462B2F80023A72A /* FMHomeRecommendModel.swift */,
				FC6A0E6F2463BB670023A72A /* View */,
				FC6A0E682462ACA00023A72A /* web容器 */,
			);
			path = "推荐";
			sourceTree = "<group>";
		};
		FC6A0E632462A5B50023A72A /* 种类课(横) */ = {
			isa = PBXGroup;
			children = (
				FC6A0E662462AA050023A72A /* FMHomeVIPTypesCell.swift */,
			);
			path = "种类课(横)";
			sourceTree = "<group>";
		};
		FC6A0E682462ACA00023A72A /* web容器 */ = {
			isa = PBXGroup;
			children = (
				FC0D613B245AB5CD00473637 /* FMWebController.swift */,
			);
			path = "web容器";
			sourceTree = "<group>";
		};
		FC6A0E6F2463BB670023A72A /* View */ = {
			isa = PBXGroup;
			children = (
				FC6A0E782463F9A00023A72A /* 种类课(竖) */,
				FC6A0E752463E8C00023A72A /* 种类课(横) */,
				FC6A0E702463BB740023A72A /* 听头条 */,
			);
			path = View;
			sourceTree = "<group>";
		};
		FC6A0E702463BB740023A72A /* 听头条 */ = {
			isa = PBXGroup;
			children = (
				FC6A0E712463BDDD0023A72A /* FMHomeRecommendTopBuzzCell.swift */,
				FC6A0E732463D4250023A72A /* FMRecommendBuzzCell.swift */,
			);
			path = "听头条";
			sourceTree = "<group>";
		};
		FC6A0E752463E8C00023A72A /* 种类课(横) */ = {
			isa = PBXGroup;
			children = (
				FC6A0E762463E8F80023A72A /* FMHomeRecommendTypesCell.swift */,
			);
			path = "种类课(横)";
			sourceTree = "<group>";
		};
		FC6A0E782463F9A00023A72A /* 种类课(竖) */ = {
			isa = PBXGroup;
			children = (
				FC6A0E792463F9EC0023A72A /* FMHomeRecommendHotCell.swift */,
			);
			path = "种类课(竖)";
			sourceTree = "<group>";
		};
		FCD8633C2468F49A008C7DB5 /* 播放详情 */ = {
			isa = PBXGroup;
			children = (
				FCD863442468FC0E008C7DB5 /* FMPlayDetailController.swift */,
				FCD8637F24692576008C7DB5 /* FMPlayDetailIntroController.swift */,
				FCF4A8AA246A3734006C57A7 /* FMPlayDetailProgramController.swift */,
			);
			path = "播放详情";
			sourceTree = "<group>";
		};
		FCD8633F2468F530008C7DB5 /* View */ = {
			isa = PBXGroup;
			children = (
				FCF4A8B0246A4513006C57A7 /* 播放器 */,
				FCF4A8A9246A367F006C57A7 /* 节目 */,
				FCF4A8A824695AAE006C57A7 /* 简介 */,
			);
			path = View;
			sourceTree = "<group>";
		};
		FCD863682469046A008C7DB5 /* LTScrollView */ = {
			isa = PBXGroup;
			children = (
				FCD863692469046A008C7DB5 /* LTSimpleManager.swift */,
				FCD8636A2469046A008C7DB5 /* LTCollectionFlowLayout.swift */,
				FCD8636B2469046A008C7DB5 /* LTDispatchQueue.swift */,
				FCD8636C2469046A008C7DB5 /* LTAdvancedManager.swift */,
				FCD8636D2469046A008C7DB5 /* LTLayout.swift */,
				FCD8636E2469046A008C7DB5 /* LTTableViewProtocal.swift */,
				FCD8636F2469046A008C7DB5 /* LTPageTitleView.swift */,
				FCD863702469046A008C7DB5 /* LTPageView.swift */,
				FCD863712469046A008C7DB5 /* LTVCExtension.swift */,
				FCD863722469046A008C7DB5 /* LTScrollExtension.swift */,
				FCD863732469046A008C7DB5 /* LTTableView.swift */,
			);
			path = LTScrollView;
			sourceTree = "<group>";
		};
		FCD8638324692677008C7DB5 /* CustomLabel */ = {
			isa = PBXGroup;
			children = (
				FCD8638424692677008C7DB5 /* FMCustomLabel.swift */,
			);
			path = CustomLabel;
			sourceTree = "<group>";
		};
		FCE8569C24580D29007AE35A /* View */ = {
			isa = PBXGroup;
			children = (
				FC0D613D245AC53700473637 /* 热播课(竖) */,
				FC6A0E632462A5B50023A72A /* 种类课(横) */,
				FC0D6142245AD18900473637 /* 表头表尾 */,
				FC0D6135245AA69700473637 /* 分类 */,
				FCE8569D24580D3B007AE35A /* 轮播 */,
			);
			path = View;
			sourceTree = "<group>";
		};
		FCE8569D24580D3B007AE35A /* 轮播 */ = {
			isa = PBXGroup;
			children = (
				FCE8569E245810D1007AE35A /* FMHomeVipBannerCell.swift */,
			);
			path = "轮播";
			sourceTree = "<group>";
		};
		FCF4A8A824695AAE006C57A7 /* 简介 */ = {
			isa = PBXGroup;
			children = (
				FCD8634824690007008C7DB5 /* FMPlayDetailHeaderView.swift */,
				FCD863812469262F008C7DB5 /* FMPlayContentIntroCell.swift */,
				FCD86386246926EB008C7DB5 /* FMPlayAnchorIntroCell.swift */,
			);
			path = "简介";
			sourceTree = "<group>";
		};
		FCF4A8A9246A367F006C57A7 /* 节目 */ = {
			isa = PBXGroup;
			children = (
				FCF4A8AC246A3A6C006C57A7 /* FMPlayDetailProgramCell.swift */,
			);
			path = "节目";
			sourceTree = "<group>";
		};
		FCF4A8B0246A4513006C57A7 /* 播放器 */ = {
			isa = PBXGroup;
			children = (
				FCF4A8B1246A4532006C57A7 /* FMPlayCell.swift */,
				FC05B2FE246CDDC50031E275 /* FMPlayAnchorCell.swift */,
			);
			path = "播放器";
			sourceTree = "<group>";
		};
/* End PBXGroup section */

/* Begin PBXNativeTarget section */
		FC4F75CD2456C79D003FEE96 /* FM */ = {
			isa = PBXNativeTarget;
			buildConfigurationList = FC4F75E22456C79F003FEE96 /* Build configuration list for PBXNativeTarget "FM" */;
			buildPhases = (
				5E51C8FE1EE223D2E877549E /* [CP] Check Pods Manifest.lock */,
				FC4F75CA2456C79D003FEE96 /* Sources */,
				FC4F75CB2456C79D003FEE96 /* Frameworks */,
				FC4F75CC2456C79D003FEE96 /* Resources */,
				DD4437D07CDC044DDFCAFEAB /* [CP] Embed Pods Frameworks */,
			);
			buildRules = (
			);
			dependencies = (
			);
			name = FM;
			productName = FM;
			productReference = FC4F75CE2456C79D003FEE96 /* FM.app */;
			productType = "com.apple.product-type.application";
		};
/* End PBXNativeTarget section */

/* Begin PBXProject section */
		FC4F75C62456C79D003FEE96 /* Project object */ = {
			isa = PBXProject;
			attributes = {
				LastSwiftUpdateCheck = 1130;
				LastUpgradeCheck = 1130;
				ORGANIZATIONNAME = fengsong;
				TargetAttributes = {
					FC4F75CD2456C79D003FEE96 = {
						CreatedOnToolsVersion = 11.3.1;
					};
				};
			};
			buildConfigurationList = FC4F75C92456C79D003FEE96 /* Build configuration list for PBXProject "FM" */;
			compatibilityVersion = "Xcode 9.3";
			developmentRegion = en;
			hasScannedForEncodings = 0;
			knownRegions = (
				en,
				Base,
			);
			mainGroup = FC4F75C52456C79D003FEE96;
			productRefGroup = FC4F75CF2456C79D003FEE96 /* Products */;
			projectDirPath = "";
			projectRoot = "";
			targets = (
				FC4F75CD2456C79D003FEE96 /* FM */,
			);
		};
/* End PBXProject section */

/* Begin PBXResourcesBuildPhase section */
		FC4F75CC2456C79D003FEE96 /* Resources */ = {
			isa = PBXResourcesBuildPhase;
			buildActionMask = 2147483647;
			files = (
				FC4F75DE2456C79F003FEE96 /* LaunchScreen.storyboard in Resources */,
				FC4F75DB2456C79F003FEE96 /* Assets.xcassets in Resources */,
				FC4F75D92456C79D003FEE96 /* Main.storyboard in Resources */,
			);
			runOnlyForDeploymentPostprocessing = 0;
		};
/* End PBXResourcesBuildPhase section */

/* Begin PBXShellScriptBuildPhase section */
		5E51C8FE1EE223D2E877549E /* [CP] Check Pods Manifest.lock */ = {
			isa = PBXShellScriptBuildPhase;
			buildActionMask = 2147483647;
			files = (
			);
			inputFileListPaths = (
			);
			inputPaths = (
				"${PODS_PODFILE_DIR_PATH}/Podfile.lock",
				"${PODS_ROOT}/Manifest.lock",
			);
			name = "[CP] Check Pods Manifest.lock";
			outputFileListPaths = (
			);
			outputPaths = (
				"$(DERIVED_FILE_DIR)/Pods-FM-checkManifestLockResult.txt",
			);
			runOnlyForDeploymentPostprocessing = 0;
			shellPath = /bin/sh;
			shellScript = "diff \"${PODS_PODFILE_DIR_PATH}/Podfile.lock\" \"${PODS_ROOT}/Manifest.lock\" > /dev/null\nif [ $? != 0 ] ; then\n    # print error to STDERR\n    echo \"error: The sandbox is not in sync with the Podfile.lock. Run 'pod install' or update your CocoaPods installation.\" >&2\n    exit 1\nfi\n# This output is used by Xcode 'outputs' to avoid re-running this script phase.\necho \"SUCCESS\" > \"${SCRIPT_OUTPUT_FILE_0}\"\n";
			showEnvVarsInLog = 0;
		};
		DD4437D07CDC044DDFCAFEAB /* [CP] Embed Pods Frameworks */ = {
			isa = PBXShellScriptBuildPhase;
			buildActionMask = 2147483647;
			files = (
			);
			inputFileListPaths = (
				"${PODS_ROOT}/Target Support Files/Pods-FM/Pods-FM-frameworks-${CONFIGURATION}-input-files.xcfilelist",
			);
			name = "[CP] Embed Pods Frameworks";
			outputFileListPaths = (
				"${PODS_ROOT}/Target Support Files/Pods-FM/Pods-FM-frameworks-${CONFIGURATION}-output-files.xcfilelist",
			);
			runOnlyForDeploymentPostprocessing = 0;
			shellPath = /bin/sh;
			shellScript = "\"${PODS_ROOT}/Target Support Files/Pods-FM/Pods-FM-frameworks.sh\"\n";
			showEnvVarsInLog = 0;
		};
/* End PBXShellScriptBuildPhase section */

/* Begin PBXSourcesBuildPhase section */
		FC4F75CA2456C79D003FEE96 /* Sources */ = {
			isa = PBXSourcesBuildPhase;
			buildActionMask = 2147483647;
			files = (
				FCD8638024692576008C7DB5 /* FMPlayDetailIntroController.swift in Sources */,
				FC0D6139245AA82300473637 /* FMVipCategoryCell.swift in Sources */,
				FC4F76062457C9D5003FEE96 /* WRProxy.swift in Sources */,
				FCF4A8B2246A4532006C57A7 /* FMPlayCell.swift in Sources */,
				FC6A0E722463BDDD0023A72A /* FMHomeRecommendTopBuzzCell.swift in Sources */,
				FCD8637B2469046A008C7DB5 /* LTPageView.swift in Sources */,
				FCD863772469046A008C7DB5 /* LTAdvancedManager.swift in Sources */,
				FCD8637C2469046A008C7DB5 /* LTVCExtension.swift in Sources */,
				FC4F75F02456CF9D003FEE96 /* FMListenController.swift in Sources */,
				FC0D6144245AD1BB00473637 /* FMHomeVipHeaderView.swift in Sources */,
				FCD863432468F5C1008C7DB5 /* FMPlayApi.swift in Sources */,
				FC4F75D22456C79D003FEE96 /* AppDelegate.swift in Sources */,
				FCD86387246926EB008C7DB5 /* FMPlayAnchorIntroCell.swift in Sources */,
				FCD863452468FC0E008C7DB5 /* FMPlayDetailController.swift in Sources */,
				FC6A0E742463D4250023A72A /* FMRecommendBuzzCell.swift in Sources */,
				FC0D6134245A6F6D00473637 /* FMHomeVIPModel.swift in Sources */,
				FCD8638524692677008C7DB5 /* FMCustomLabel.swift in Sources */,
				FC0D6132245A67DA00473637 /* FMRefresh.swift in Sources */,
				FC6A0E6A2462ACCB0023A72A /* FMHomeRecommendViewModel.swift in Sources */,
				FC0D613C245AB5CD00473637 /* FMWebController.swift in Sources */,
				FCD863752469046A008C7DB5 /* LTCollectionFlowLayout.swift in Sources */,
				FC6A0E6E2462B2F80023A72A /* FMHomeRecommendModel.swift in Sources */,
				FC4F75F22456CFB9003FEE96 /* FMPlayController.swift in Sources */,
				FC4F76112457CDAA003FEE96 /* FMHomeRecommendController.swift in Sources */,
				FCD8637D2469046A008C7DB5 /* LTScrollExtension.swift in Sources */,
				FCE8569F245810D1007AE35A /* FMHomeVipBannerCell.swift in Sources */,
				FCD863742469046A008C7DB5 /* LTSimpleManager.swift in Sources */,
				FC4F76052457C9D5003FEE96 /* WRCustomNavigationBar.swift in Sources */,
				FCD863792469046A008C7DB5 /* LTTableViewProtocal.swift in Sources */,
				FCD863412468F554008C7DB5 /* FMPlayViewModel.swift in Sources */,
				FC6A0E6C2462ADD20023A72A /* FMHomeRecommendApi.swift in Sources */,
				FC4F75F42456CFED003FEE96 /* FMFindController.swift in Sources */,
				FCD863472468FDED008C7DB5 /* FMPlayDetailModel.swift in Sources */,
				FC4F76152457CE00003FEE96 /* FMHomeVIPController.swift in Sources */,
				FC4F76132457CDDE003FEE96 /* FMHomeClassifyController.swift in Sources */,
				FC0D6137245AA71200473637 /* FMHomeVipCategoriesCell.swift in Sources */,
				FC4F75F92456DCEC003FEE96 /* FMBasicBarItemContentView.swift in Sources */,
				FC4F75EE2456CF82003FEE96 /* FMHomeController.swift in Sources */,
				FCD863762469046A008C7DB5 /* LTDispatchQueue.swift in Sources */,
				FC4F76042457C9D5003FEE96 /* WRNavigationBar.swift in Sources */,
				FC6A0E7A2463F9EC0023A72A /* FMHomeRecommendHotCell.swift in Sources */,
				FC6A0E672462AA050023A72A /* FMHomeVIPTypesCell.swift in Sources */,
				FCE856A32459143E007AE35A /* FMHomeVIPViewModel.swift in Sources */,
				FCF4A8AD246A3A6C006C57A7 /* FMPlayDetailProgramCell.swift in Sources */,
				FC0D6141245AC58B00473637 /* FMVipHotCell.swift in Sources */,
				FC4F76072457C9D5003FEE96 /* WRCycleScrollView.swift in Sources */,
				FCD8637A2469046A008C7DB5 /* LTPageTitleView.swift in Sources */,
				FC4F76082457C9D5003FEE96 /* WRCycleCell.swift in Sources */,
				FC4F760A2457CA1C003FEE96 /* FMHeader.swift in Sources */,
				FCF4A8AF246A417A006C57A7 /* FMPlayModel.swift in Sources */,
				FCD863782469046A008C7DB5 /* LTLayout.swift in Sources */,
				FC4F76172457CE14003FEE96 /* FMHomeLiveController.swift in Sources */,
				FC0D613F245AC56000473637 /* FMHomeVipHotCell.swift in Sources */,
				FC05B2FF246CDDC50031E275 /* FMPlayAnchorCell.swift in Sources */,
				FC6A0E772463E8F80023A72A /* FMHomeRecommendTypesCell.swift in Sources */,
				FCD8637E2469046A008C7DB5 /* LTTableView.swift in Sources */,
				FC0D6146245AD20500473637 /* FMHomeVipFooterView.swift in Sources */,
				FC4F75FB2457C70A003FEE96 /* FMNavigationController.swift in Sources */,
				FCE856A1245833B6007AE35A /* FMHomeVIPApi.swift in Sources */,
				FC4F75F62456D000003FEE96 /* FMMineController.swift in Sources */,
				FC4F76192457CE24003FEE96 /* FMHomeBroadcastController.swift in Sources */,
				FCD863822469262F008C7DB5 /* FMPlayContentIntroCell.swift in Sources */,
				FCF4A8AB246A3734006C57A7 /* FMPlayDetailProgramController.swift in Sources */,
				FCD8634924690007008C7DB5 /* FMPlayDetailHeaderView.swift in Sources */,
			);
			runOnlyForDeploymentPostprocessing = 0;
		};
/* End PBXSourcesBuildPhase section */

/* Begin PBXVariantGroup section */
		FC4F75D72456C79D003FEE96 /* Main.storyboard */ = {
			isa = PBXVariantGroup;
			children = (
				FC4F75D82456C79D003FEE96 /* Base */,
			);
			name = Main.storyboard;
			sourceTree = "<group>";
		};
		FC4F75DC2456C79F003FEE96 /* LaunchScreen.storyboard */ = {
			isa = PBXVariantGroup;
			children = (
				FC4F75DD2456C79F003FEE96 /* Base */,
			);
			name = LaunchScreen.storyboard;
			sourceTree = "<group>";
		};
/* End PBXVariantGroup section */

/* Begin XCBuildConfiguration section */
		FC4F75E02456C79F003FEE96 /* Debug */ = {
			isa = XCBuildConfiguration;
			buildSettings = {
				ALWAYS_SEARCH_USER_PATHS = NO;
				CLANG_ANALYZER_NONNULL = YES;
				CLANG_ANALYZER_NUMBER_OBJECT_CONVERSION = YES_AGGRESSIVE;
				CLANG_CXX_LANGUAGE_STANDARD = "gnu++14";
				CLANG_CXX_LIBRARY = "libc++";
				CLANG_ENABLE_MODULES = YES;
				CLANG_ENABLE_OBJC_ARC = YES;
				CLANG_ENABLE_OBJC_WEAK = YES;
				CLANG_WARN_BLOCK_CAPTURE_AUTORELEASING = YES;
				CLANG_WARN_BOOL_CONVERSION = YES;
				CLANG_WARN_COMMA = YES;
				CLANG_WARN_CONSTANT_CONVERSION = YES;
				CLANG_WARN_DEPRECATED_OBJC_IMPLEMENTATIONS = YES;
				CLANG_WARN_DIRECT_OBJC_ISA_USAGE = YES_ERROR;
				CLANG_WARN_DOCUMENTATION_COMMENTS = YES;
				CLANG_WARN_EMPTY_BODY = YES;
				CLANG_WARN_ENUM_CONVERSION = YES;
				CLANG_WARN_INFINITE_RECURSION = YES;
				CLANG_WARN_INT_CONVERSION = YES;
				CLANG_WARN_NON_LITERAL_NULL_CONVERSION = YES;
				CLANG_WARN_OBJC_IMPLICIT_RETAIN_SELF = YES;
				CLANG_WARN_OBJC_LITERAL_CONVERSION = YES;
				CLANG_WARN_OBJC_ROOT_CLASS = YES_ERROR;
				CLANG_WARN_RANGE_LOOP_ANALYSIS = YES;
				CLANG_WARN_STRICT_PROTOTYPES = YES;
				CLANG_WARN_SUSPICIOUS_MOVE = YES;
				CLANG_WARN_UNGUARDED_AVAILABILITY = YES_AGGRESSIVE;
				CLANG_WARN_UNREACHABLE_CODE = YES;
				CLANG_WARN__DUPLICATE_METHOD_MATCH = YES;
				COPY_PHASE_STRIP = NO;
				DEBUG_INFORMATION_FORMAT = dwarf;
				ENABLE_STRICT_OBJC_MSGSEND = YES;
				ENABLE_TESTABILITY = YES;
				GCC_C_LANGUAGE_STANDARD = gnu11;
				GCC_DYNAMIC_NO_PIC = NO;
				GCC_NO_COMMON_BLOCKS = YES;
				GCC_OPTIMIZATION_LEVEL = 0;
				GCC_PREPROCESSOR_DEFINITIONS = (
					"DEBUG=1",
					"$(inherited)",
				);
				GCC_WARN_64_TO_32_BIT_CONVERSION = YES;
				GCC_WARN_ABOUT_RETURN_TYPE = YES_ERROR;
				GCC_WARN_UNDECLARED_SELECTOR = YES;
				GCC_WARN_UNINITIALIZED_AUTOS = YES_AGGRESSIVE;
				GCC_WARN_UNUSED_FUNCTION = YES;
				GCC_WARN_UNUSED_VARIABLE = YES;
				IPHONEOS_DEPLOYMENT_TARGET = 11.0;
				MTL_ENABLE_DEBUG_INFO = INCLUDE_SOURCE;
				MTL_FAST_MATH = YES;
				ONLY_ACTIVE_ARCH = YES;
				SDKROOT = iphoneos;
				SWIFT_ACTIVE_COMPILATION_CONDITIONS = DEBUG;
				SWIFT_OPTIMIZATION_LEVEL = "-Onone";
			};
			name = Debug;
		};
		FC4F75E12456C79F003FEE96 /* Release */ = {
			isa = XCBuildConfiguration;
			buildSettings = {
				ALWAYS_SEARCH_USER_PATHS = NO;
				CLANG_ANALYZER_NONNULL = YES;
				CLANG_ANALYZER_NUMBER_OBJECT_CONVERSION = YES_AGGRESSIVE;
				CLANG_CXX_LANGUAGE_STANDARD = "gnu++14";
				CLANG_CXX_LIBRARY = "libc++";
				CLANG_ENABLE_MODULES = YES;
				CLANG_ENABLE_OBJC_ARC = YES;
				CLANG_ENABLE_OBJC_WEAK = YES;
				CLANG_WARN_BLOCK_CAPTURE_AUTORELEASING = YES;
				CLANG_WARN_BOOL_CONVERSION = YES;
				CLANG_WARN_COMMA = YES;
				CLANG_WARN_CONSTANT_CONVERSION = YES;
				CLANG_WARN_DEPRECATED_OBJC_IMPLEMENTATIONS = YES;
				CLANG_WARN_DIRECT_OBJC_ISA_USAGE = YES_ERROR;
				CLANG_WARN_DOCUMENTATION_COMMENTS = YES;
				CLANG_WARN_EMPTY_BODY = YES;
				CLANG_WARN_ENUM_CONVERSION = YES;
				CLANG_WARN_INFINITE_RECURSION = YES;
				CLANG_WARN_INT_CONVERSION = YES;
				CLANG_WARN_NON_LITERAL_NULL_CONVERSION = YES;
				CLANG_WARN_OBJC_IMPLICIT_RETAIN_SELF = YES;
				CLANG_WARN_OBJC_LITERAL_CONVERSION = YES;
				CLANG_WARN_OBJC_ROOT_CLASS = YES_ERROR;
				CLANG_WARN_RANGE_LOOP_ANALYSIS = YES;
				CLANG_WARN_STRICT_PROTOTYPES = YES;
				CLANG_WARN_SUSPICIOUS_MOVE = YES;
				CLANG_WARN_UNGUARDED_AVAILABILITY = YES_AGGRESSIVE;
				CLANG_WARN_UNREACHABLE_CODE = YES;
				CLANG_WARN__DUPLICATE_METHOD_MATCH = YES;
				COPY_PHASE_STRIP = NO;
				DEBUG_INFORMATION_FORMAT = "dwarf-with-dsym";
				ENABLE_NS_ASSERTIONS = NO;
				ENABLE_STRICT_OBJC_MSGSEND = YES;
				GCC_C_LANGUAGE_STANDARD = gnu11;
				GCC_NO_COMMON_BLOCKS = YES;
				GCC_WARN_64_TO_32_BIT_CONVERSION = YES;
				GCC_WARN_ABOUT_RETURN_TYPE = YES_ERROR;
				GCC_WARN_UNDECLARED_SELECTOR = YES;
				GCC_WARN_UNINITIALIZED_AUTOS = YES_AGGRESSIVE;
				GCC_WARN_UNUSED_FUNCTION = YES;
				GCC_WARN_UNUSED_VARIABLE = YES;
				IPHONEOS_DEPLOYMENT_TARGET = 11.0;
				MTL_ENABLE_DEBUG_INFO = NO;
				MTL_FAST_MATH = YES;
				SDKROOT = iphoneos;
				SWIFT_COMPILATION_MODE = wholemodule;
				SWIFT_OPTIMIZATION_LEVEL = "-O";
				VALIDATE_PRODUCT = YES;
			};
			name = Release;
		};
		FC4F75E32456C79F003FEE96 /* Debug */ = {
			isa = XCBuildConfiguration;
			baseConfigurationReference = A9D76A22892381328154723E /* Pods-FM.debug.xcconfig */;
			buildSettings = {
				ASSETCATALOG_COMPILER_APPICON_NAME = AppIcon;
				CODE_SIGN_ENTITLEMENTS = FM/FM.entitlements;
				CODE_SIGN_IDENTITY = "Apple Development: Zhengping Xi (7ADM7YLFJ4)";
				CODE_SIGN_STYLE = Manual;
				DEVELOPMENT_TEAM = 5995X5N4TW;
				INFOPLIST_FILE = FM/Info.plist;
				LD_RUNPATH_SEARCH_PATHS = (
					"$(inherited)",
					"@executable_path/Frameworks",
				);
				PRODUCT_BUNDLE_IDENTIFIER = com.fengsong.FM;
				PRODUCT_NAME = "$(TARGET_NAME)";
				PROVISIONING_PROFILE_SPECIFIER = All_id;
				SWIFT_VERSION = 5.0;
				TARGETED_DEVICE_FAMILY = "1,2";
			};
			name = Debug;
		};
		FC4F75E42456C79F003FEE96 /* Release */ = {
			isa = XCBuildConfiguration;
			baseConfigurationReference = 31640C8FE7B194FD3E4F6913 /* Pods-FM.release.xcconfig */;
			buildSettings = {
				ASSETCATALOG_COMPILER_APPICON_NAME = AppIcon;
				CODE_SIGN_ENTITLEMENTS = FM/FM.entitlements;
				CODE_SIGN_IDENTITY = "Apple Development: Zhengping Xi (7ADM7YLFJ4)";
				CODE_SIGN_STYLE = Manual;
				DEVELOPMENT_TEAM = 5995X5N4TW;
				INFOPLIST_FILE = FM/Info.plist;
				LD_RUNPATH_SEARCH_PATHS = (
					"$(inherited)",
					"@executable_path/Frameworks",
				);
				PRODUCT_BUNDLE_IDENTIFIER = com.fengsong.FM;
				PRODUCT_NAME = "$(TARGET_NAME)";
				PROVISIONING_PROFILE_SPECIFIER = All_id;
				SWIFT_VERSION = 5.0;
				TARGETED_DEVICE_FAMILY = "1,2";
			};
			name = Release;
		};
/* End XCBuildConfiguration section */

/* Begin XCConfigurationList section */
		FC4F75C92456C79D003FEE96 /* Build configuration list for PBXProject "FM" */ = {
			isa = XCConfigurationList;
			buildConfigurations = (
				FC4F75E02456C79F003FEE96 /* Debug */,
				FC4F75E12456C79F003FEE96 /* Release */,
			);
			defaultConfigurationIsVisible = 0;
			defaultConfigurationName = Release;
		};
		FC4F75E22456C79F003FEE96 /* Build configuration list for PBXNativeTarget "FM" */ = {
			isa = XCConfigurationList;
			buildConfigurations = (
				FC4F75E32456C79F003FEE96 /* Debug */,
				FC4F75E42456C79F003FEE96 /* Release */,
			);
			defaultConfigurationIsVisible = 0;
			defaultConfigurationName = Release;
		};
/* End XCConfigurationList section */
	};
	rootObject = FC4F75C62456C79D003FEE96 /* Project object */;
}
